
Microsoft Visual Studio Solution File, Format Version 12.00
# Visual Studio Version 17
VisualStudioVersion = 17.13.35913.81 d17.13
MinimumVisualStudioVersion = 10.0.40219.1
Project("{8BC9CEB8-8B4A-11D0-8D11-00A0C91BC942}") = "RSA_driver", "RSA_driver.vcxproj", "{0DF95C7C-139F-4392-8688-22B1319837DE}"
EndProject
Global
	GlobalSection(SolutionConfigurationPlatforms) = preSolution
		Debug|x64 = Debug|x64
		Debug|x86 = Debug|x86
		Release|x64 = Release|x64
		Release|x86 = Release|x86
	EndGlobalSection
	GlobalSection(ProjectConfigurationPlatforms) = postSolution
		{0DF95C7C-139F-4392-8688-22B1319837DE}.Debug|x64.ActiveCfg = Debug|x64
		{0DF95C7C-139F-4392-8688-22B1319837DE}.Debug|x64.Build.0 = Debug|x64
		{0DF95C7C-139F-4392-8688-22B1319837DE}.Debug|x86.ActiveCfg = Debug|Win32
		{0DF95C7C-139F-4392-8688-22B1319837DE}.Debug|x86.Build.0 = Debug|Win32
		{0DF95C7C-139F-4392-8688-22B1319837DE}.Release|x64.ActiveCfg = Release|x64
		{0DF95C7C-139F-4392-8688-22B1319837DE}.Release|x64.Build.0 = Release|x64
		{0DF95C7C-139F-4392-8688-22B1319837DE}.Release|x86.ActiveCfg = Release|Win32
		{0DF95C7C-139F-4392-8688-22B1319837DE}.Release|x86.Build.0 = Release|Win32
	EndGlobalSection
	GlobalSection(SolutionProperties) = preSolution
		HideSolutionNode = FALSE
	EndGlobalSection
	GlobalSection(ExtensibilityGlobals) = postSolution
		SolutionGuid = {094B2955-5CE7-4FE5-A765-EBBE189EBA0C}
	EndGlobalSection
EndGlobal
